
Microsoft Visual Studio Solution File, Format Version 12.00
# Visual Studio 15
VisualStudioVersion = 15.0.28307.421
MinimumVisualStudioVersion = 10.0.40219.1
Project("{2150E333-8FDC-42A3-9474-1A3956D46DE8}") = "0_thirdparty", "0_thirdparty", "{C636F93C-23B2-4FDA-9A64-FA2B55CB5FA9}"
EndProject
Project("{8BC9CEB8-8B4A-11D0-8D11-00A0C91BC942}") = "libevent", "thirdparty\event-2.1.11\libevent.vcxproj", "{CA77B8F8-E4CD-499D-B7E6-5463AC4A9A5F}"
EndProject
Project("{2150E333-8FDC-42A3-9474-1A3956D46DE8}") = "1_demo", "1_demo", "{CCB39FE4-F715-4379-8ABD-8A19CB32AC1C}"
EndProject
Project("{8BC9CEB8-8B4A-11D0-8D11-00A0C91BC942}") = "test1", "demo\test1\test1.vcxproj", "{3CFD8D3C-5D69-47BF-9E96-BCD6AC473C8C}"
	ProjectSection(ProjectDependencies) = postProject
		{CA77B8F8-E4CD-499D-B7E6-5463AC4A9A5F} = {CA77B8F8-E4CD-499D-B7E6-5463AC4A9A5F}
	EndProjectSection
EndProject
Project("{2150E333-8FDC-42A3-9474-1A3956D46DE8}") = "sample", "sample", "{5B937342-F7A1-4EC4-A0F1-5B671E09EB55}"
EndProject
Project("{8BC9CEB8-8B4A-11D0-8D11-00A0C91BC942}") = "dns-example", "demo\sample\dns-example.vcxproj", "{669B4F77-D6E0-4527-9BF0-0C9B6D0AE9D7}"
	ProjectSection(ProjectDependencies) = postProject
		{CBA57C31-6A64-4B51-B22E-5B820B021322} = {CBA57C31-6A64-4B51-B22E-5B820B021322}
		{CA77B8F8-E4CD-499D-B7E6-5463AC4A9A5F} = {CA77B8F8-E4CD-499D-B7E6-5463AC4A9A5F}
	EndProjectSection
EndProject
Project("{8BC9CEB8-8B4A-11D0-8D11-00A0C91BC942}") = "libgetopt", "thirdparty\getopt\libgetopt.vcxproj", "{CBA57C31-6A64-4B51-B22E-5B820B021322}"
EndProject
Project("{8BC9CEB8-8B4A-11D0-8D11-00A0C91BC942}") = "event-read-fifo", "demo\sample\event-read-fifo.vcxproj", "{72447DAF-96E3-45EF-AF89-59359D5884DA}"
EndProject
Project("{8BC9CEB8-8B4A-11D0-8D11-00A0C91BC942}") = "hello-world", "demo\sample\hello-world.vcxproj", "{4C465000-E937-4935-AC47-7A5D1F7A25EB}"
EndProject
Project("{8BC9CEB8-8B4A-11D0-8D11-00A0C91BC942}") = "http-connect", "demo\sample\http-connect.vcxproj", "{6D88FA0A-C84D-470C-BD58-4D52A7D9DF44}"
EndProject
Project("{8BC9CEB8-8B4A-11D0-8D11-00A0C91BC942}") = "https-client", "demo\sample\https-client.vcxproj", "{5C2EE831-72C1-4C43-B0CB-8171F5369DF5}"
	ProjectSection(ProjectDependencies) = postProject
		{CBA57C31-6A64-4B51-B22E-5B820B021322} = {CBA57C31-6A64-4B51-B22E-5B820B021322}
		{70ABE75C-FBC2-4C82-9103-B952FA5CD168} = {70ABE75C-FBC2-4C82-9103-B952FA5CD168}
		{24265BD3-3CF3-41A9-B137-53DBEC0F53BF} = {24265BD3-3CF3-41A9-B137-53DBEC0F53BF}
		{CA77B8F8-E4CD-499D-B7E6-5463AC4A9A5F} = {CA77B8F8-E4CD-499D-B7E6-5463AC4A9A5F}
	EndProjectSection
EndProject
Project("{8BC9CEB8-8B4A-11D0-8D11-00A0C91BC942}") = "http-server", "demo\sample\http-server.vcxproj", "{E272CF33-93F2-45F9-B2C5-BACED367828E}"
EndProject
Project("{8BC9CEB8-8B4A-11D0-8D11-00A0C91BC942}") = "le-proxy", "demo\sample\le-proxy.vcxproj", "{5DA8E781-015B-47D6-929C-0A0EDDA83F58}"
	ProjectSection(ProjectDependencies) = postProject
		{CBA57C31-6A64-4B51-B22E-5B820B021322} = {CBA57C31-6A64-4B51-B22E-5B820B021322}
		{70ABE75C-FBC2-4C82-9103-B952FA5CD168} = {70ABE75C-FBC2-4C82-9103-B952FA5CD168}
		{24265BD3-3CF3-41A9-B137-53DBEC0F53BF} = {24265BD3-3CF3-41A9-B137-53DBEC0F53BF}
		{CA77B8F8-E4CD-499D-B7E6-5463AC4A9A5F} = {CA77B8F8-E4CD-499D-B7E6-5463AC4A9A5F}
	EndProjectSection
EndProject
Project("{8BC9CEB8-8B4A-11D0-8D11-00A0C91BC942}") = "signal-test", "demo\sample\signal-test.vcxproj", "{F62B8444-7DCD-4A9A-88E1-4C3D89CCED13}"
EndProject
Project("{8BC9CEB8-8B4A-11D0-8D11-00A0C91BC942}") = "time-test", "demo\sample\time-test.vcxproj", "{06BEF9EF-4CFE-469E-AB37-8422AFB5CC8D}"
EndProject
Project("{2150E333-8FDC-42A3-9474-1A3956D46DE8}") = "test", "test", "{832A4890-7208-487E-99FE-3956DD3F2691}"
EndProject
Project("{8BC9CEB8-8B4A-11D0-8D11-00A0C91BC942}") = "bench", "demo\test\bench.vcxproj", "{CC203DA6-0920-4903-9CB5-95964DBE8EC9}"
EndProject
Project("{8BC9CEB8-8B4A-11D0-8D11-00A0C91BC942}") = "bench_cascade", "demo\test\bench_cascade.vcxproj", "{3F381D0D-CF9B-42B7-9461-4663F15820C4}"
EndProject
Project("{8BC9CEB8-8B4A-11D0-8D11-00A0C91BC942}") = "bench_http", "demo\test\bench_http.vcxproj", "{0FD04B02-CD31-491C-B801-44224E860F68}"
EndProject
Project("{8BC9CEB8-8B4A-11D0-8D11-00A0C91BC942}") = "bench_httpclient", "demo\test\bench_httpclient.vcxproj", "{D58462A2-4C40-4488-920E-9ACC9D69734B}"
EndProject
Project("{8BC9CEB8-8B4A-11D0-8D11-00A0C91BC942}") = "print-winsock-errors", "demo\test\print-winsock-errors.vcxproj", "{4242FEBE-25F3-4B5C-BD4A-0B60A94FFF71}"
EndProject
Project("{8BC9CEB8-8B4A-11D0-8D11-00A0C91BC942}") = "regress_main", "demo\test\regress_main.vcxproj", "{EC462EE1-B7A7-4694-BF8F-667C716F1112}"
	ProjectSection(ProjectDependencies) = postProject
		{98370A1A-2305-3AE1-8D6B-0841290DE59E} = {98370A1A-2305-3AE1-8D6B-0841290DE59E}
		{CBA57C31-6A64-4B51-B22E-5B820B021322} = {CBA57C31-6A64-4B51-B22E-5B820B021322}
		{70ABE75C-FBC2-4C82-9103-B952FA5CD168} = {70ABE75C-FBC2-4C82-9103-B952FA5CD168}
		{24265BD3-3CF3-41A9-B137-53DBEC0F53BF} = {24265BD3-3CF3-41A9-B137-53DBEC0F53BF}
		{CA77B8F8-E4CD-499D-B7E6-5463AC4A9A5F} = {CA77B8F8-E4CD-499D-B7E6-5463AC4A9A5F}
	EndProjectSection
EndProject
Project("{8BC9CEB8-8B4A-11D0-8D11-00A0C91BC942}") = "test-changelist", "demo\test\test-changelist.vcxproj", "{11F11F82-CE8E-488E-82F6-514DDA085458}"
EndProject
Project("{8BC9CEB8-8B4A-11D0-8D11-00A0C91BC942}") = "test-closed", "demo\test\test-closed.vcxproj", "{51DDF3CE-03C2-4A82-965A-C4F1A16EB806}"
EndProject
Project("{8BC9CEB8-8B4A-11D0-8D11-00A0C91BC942}") = "test-dumpevents", "demo\test\test-dumpevents.vcxproj", "{F000BF96-FAED-4C41-9CAE-C3E3BC5629B7}"
EndProject
Project("{8BC9CEB8-8B4A-11D0-8D11-00A0C91BC942}") = "test-eof", "demo\test\test-eof.vcxproj", "{3FE8497E-CE75-4EEA-B1E0-B426CF75A8FB}"
EndProject
Project("{8BC9CEB8-8B4A-11D0-8D11-00A0C91BC942}") = "test-fdleak", "demo\test\test-fdleak.vcxproj", "{F8F4114E-E77C-4822-8D61-4567EC42C897}"
EndProject
Project("{8BC9CEB8-8B4A-11D0-8D11-00A0C91BC942}") = "test-init", "demo\test\test-init.vcxproj", "{3064BEB8-9F7F-4EC9-B871-69B46986F720}"
EndProject
Project("{8BC9CEB8-8B4A-11D0-8D11-00A0C91BC942}") = "test-ratelim", "demo\test\test-ratelim.vcxproj", "{FB200396-7549-4C4E-85FA-77B4D8BE4343}"
EndProject
Project("{8BC9CEB8-8B4A-11D0-8D11-00A0C91BC942}") = "test-time", "demo\test\test-time.vcxproj", "{75EB3722-3119-409A-A083-5CDDF61A562D}"
EndProject
Project("{8BC9CEB8-8B4A-11D0-8D11-00A0C91BC942}") = "test-weof", "demo\test\test-weof.vcxproj", "{DBABC258-757B-439A-BB04-AD41AE3CC585}"
EndProject
Project("{8BC9CEB8-8B4A-11D0-8D11-00A0C91BC942}") = "libzlib", "thirdparty\zlib-1.2.12\libzlib.vcxproj", "{98370A1A-2305-3AE1-8D6B-0841290DE59E}"
EndProject
Project("{8BC9CEB8-8B4A-11D0-8D11-00A0C91BC942}") = "libeay32", "thirdparty\openssl-1.1.1q\libeay32.vcxproj", "{70ABE75C-FBC2-4C82-9103-B952FA5CD168}"
EndProject
Project("{8BC9CEB8-8B4A-11D0-8D11-00A0C91BC942}") = "libssleay32", "thirdparty\openssl-1.1.1q\libssleay32.vcxproj", "{24265BD3-3CF3-41A9-B137-53DBEC0F53BF}"
EndProject
Global
	GlobalSection(SolutionConfigurationPlatforms) = preSolution
		Debug|x64 = Debug|x64
		Release|x64 = Release|x64
	EndGlobalSection
	GlobalSection(ProjectConfigurationPlatforms) = postSolution
		{CA77B8F8-E4CD-499D-B7E6-5463AC4A9A5F}.Debug|x64.ActiveCfg = Debug|x64
		{CA77B8F8-E4CD-499D-B7E6-5463AC4A9A5F}.Debug|x64.Build.0 = Debug|x64
		{CA77B8F8-E4CD-499D-B7E6-5463AC4A9A5F}.Release|x64.ActiveCfg = Release|x64
		{CA77B8F8-E4CD-499D-B7E6-5463AC4A9A5F}.Release|x64.Build.0 = Release|x64
		{3CFD8D3C-5D69-47BF-9E96-BCD6AC473C8C}.Debug|x64.ActiveCfg = Debug|x64
		{3CFD8D3C-5D69-47BF-9E96-BCD6AC473C8C}.Debug|x64.Build.0 = Debug|x64
		{3CFD8D3C-5D69-47BF-9E96-BCD6AC473C8C}.Release|x64.ActiveCfg = Release|x64
		{3CFD8D3C-5D69-47BF-9E96-BCD6AC473C8C}.Release|x64.Build.0 = Release|x64
		{669B4F77-D6E0-4527-9BF0-0C9B6D0AE9D7}.Debug|x64.ActiveCfg = Debug|x64
		{669B4F77-D6E0-4527-9BF0-0C9B6D0AE9D7}.Debug|x64.Build.0 = Debug|x64
		{669B4F77-D6E0-4527-9BF0-0C9B6D0AE9D7}.Release|x64.ActiveCfg = Release|x64
		{669B4F77-D6E0-4527-9BF0-0C9B6D0AE9D7}.Release|x64.Build.0 = Release|x64
		{CBA57C31-6A64-4B51-B22E-5B820B021322}.Debug|x64.ActiveCfg = Debug|x64
		{CBA57C31-6A64-4B51-B22E-5B820B021322}.Debug|x64.Build.0 = Debug|x64
		{CBA57C31-6A64-4B51-B22E-5B820B021322}.Release|x64.ActiveCfg = Release|x64
		{CBA57C31-6A64-4B51-B22E-5B820B021322}.Release|x64.Build.0 = Release|x64
		{72447DAF-96E3-45EF-AF89-59359D5884DA}.Debug|x64.ActiveCfg = Debug|x64
		{72447DAF-96E3-45EF-AF89-59359D5884DA}.Debug|x64.Build.0 = Debug|x64
		{72447DAF-96E3-45EF-AF89-59359D5884DA}.Release|x64.ActiveCfg = Release|x64
		{72447DAF-96E3-45EF-AF89-59359D5884DA}.Release|x64.Build.0 = Release|x64
		{4C465000-E937-4935-AC47-7A5D1F7A25EB}.Debug|x64.ActiveCfg = Debug|x64
		{4C465000-E937-4935-AC47-7A5D1F7A25EB}.Debug|x64.Build.0 = Debug|x64
		{4C465000-E937-4935-AC47-7A5D1F7A25EB}.Release|x64.ActiveCfg = Release|x64
		{4C465000-E937-4935-AC47-7A5D1F7A25EB}.Release|x64.Build.0 = Release|x64
		{6D88FA0A-C84D-470C-BD58-4D52A7D9DF44}.Debug|x64.ActiveCfg = Debug|x64
		{6D88FA0A-C84D-470C-BD58-4D52A7D9DF44}.Debug|x64.Build.0 = Debug|x64
		{6D88FA0A-C84D-470C-BD58-4D52A7D9DF44}.Release|x64.ActiveCfg = Release|x64
		{6D88FA0A-C84D-470C-BD58-4D52A7D9DF44}.Release|x64.Build.0 = Release|x64
		{5C2EE831-72C1-4C43-B0CB-8171F5369DF5}.Debug|x64.ActiveCfg = Debug|x64
		{5C2EE831-72C1-4C43-B0CB-8171F5369DF5}.Debug|x64.Build.0 = Debug|x64
		{5C2EE831-72C1-4C43-B0CB-8171F5369DF5}.Release|x64.ActiveCfg = Release|x64
		{5C2EE831-72C1-4C43-B0CB-8171F5369DF5}.Release|x64.Build.0 = Release|x64
		{E272CF33-93F2-45F9-B2C5-BACED367828E}.Debug|x64.ActiveCfg = Debug|x64
		{E272CF33-93F2-45F9-B2C5-BACED367828E}.Debug|x64.Build.0 = Debug|x64
		{E272CF33-93F2-45F9-B2C5-BACED367828E}.Release|x64.ActiveCfg = Release|x64
		{E272CF33-93F2-45F9-B2C5-BACED367828E}.Release|x64.Build.0 = Release|x64
		{5DA8E781-015B-47D6-929C-0A0EDDA83F58}.Debug|x64.ActiveCfg = Debug|x64
		{5DA8E781-015B-47D6-929C-0A0EDDA83F58}.Debug|x64.Build.0 = Debug|x64
		{5DA8E781-015B-47D6-929C-0A0EDDA83F58}.Release|x64.ActiveCfg = Release|x64
		{5DA8E781-015B-47D6-929C-0A0EDDA83F58}.Release|x64.Build.0 = Release|x64
		{F62B8444-7DCD-4A9A-88E1-4C3D89CCED13}.Debug|x64.ActiveCfg = Debug|x64
		{F62B8444-7DCD-4A9A-88E1-4C3D89CCED13}.Debug|x64.Build.0 = Debug|x64
		{F62B8444-7DCD-4A9A-88E1-4C3D89CCED13}.Release|x64.ActiveCfg = Release|x64
		{F62B8444-7DCD-4A9A-88E1-4C3D89CCED13}.Release|x64.Build.0 = Release|x64
		{06BEF9EF-4CFE-469E-AB37-8422AFB5CC8D}.Debug|x64.ActiveCfg = Debug|x64
		{06BEF9EF-4CFE-469E-AB37-8422AFB5CC8D}.Debug|x64.Build.0 = Debug|x64
		{06BEF9EF-4CFE-469E-AB37-8422AFB5CC8D}.Release|x64.ActiveCfg = Release|x64
		{06BEF9EF-4CFE-469E-AB37-8422AFB5CC8D}.Release|x64.Build.0 = Release|x64
		{CC203DA6-0920-4903-9CB5-95964DBE8EC9}.Debug|x64.ActiveCfg = Debug|x64
		{CC203DA6-0920-4903-9CB5-95964DBE8EC9}.Debug|x64.Build.0 = Debug|x64
		{CC203DA6-0920-4903-9CB5-95964DBE8EC9}.Release|x64.ActiveCfg = Release|x64
		{CC203DA6-0920-4903-9CB5-95964DBE8EC9}.Release|x64.Build.0 = Release|x64
		{3F381D0D-CF9B-42B7-9461-4663F15820C4}.Debug|x64.ActiveCfg = Debug|x64
		{3F381D0D-CF9B-42B7-9461-4663F15820C4}.Debug|x64.Build.0 = Debug|x64
		{3F381D0D-CF9B-42B7-9461-4663F15820C4}.Release|x64.ActiveCfg = Release|x64
		{3F381D0D-CF9B-42B7-9461-4663F15820C4}.Release|x64.Build.0 = Release|x64
		{0FD04B02-CD31-491C-B801-44224E860F68}.Debug|x64.ActiveCfg = Debug|x64
		{0FD04B02-CD31-491C-B801-44224E860F68}.Debug|x64.Build.0 = Debug|x64
		{0FD04B02-CD31-491C-B801-44224E860F68}.Release|x64.ActiveCfg = Release|x64
		{0FD04B02-CD31-491C-B801-44224E860F68}.Release|x64.Build.0 = Release|x64
		{D58462A2-4C40-4488-920E-9ACC9D69734B}.Debug|x64.ActiveCfg = Debug|x64
		{D58462A2-4C40-4488-920E-9ACC9D69734B}.Debug|x64.Build.0 = Debug|x64
		{D58462A2-4C40-4488-920E-9ACC9D69734B}.Release|x64.ActiveCfg = Release|x64
		{D58462A2-4C40-4488-920E-9ACC9D69734B}.Release|x64.Build.0 = Release|x64
		{4242FEBE-25F3-4B5C-BD4A-0B60A94FFF71}.Debug|x64.ActiveCfg = Debug|x64
		{4242FEBE-25F3-4B5C-BD4A-0B60A94FFF71}.Debug|x64.Build.0 = Debug|x64
		{4242FEBE-25F3-4B5C-BD4A-0B60A94FFF71}.Release|x64.ActiveCfg = Release|x64
		{4242FEBE-25F3-4B5C-BD4A-0B60A94FFF71}.Release|x64.Build.0 = Release|x64
		{EC462EE1-B7A7-4694-BF8F-667C716F1112}.Debug|x64.ActiveCfg = Debug|x64
		{EC462EE1-B7A7-4694-BF8F-667C716F1112}.Debug|x64.Build.0 = Debug|x64
		{EC462EE1-B7A7-4694-BF8F-667C716F1112}.Release|x64.ActiveCfg = Release|x64
		{EC462EE1-B7A7-4694-BF8F-667C716F1112}.Release|x64.Build.0 = Release|x64
		{11F11F82-CE8E-488E-82F6-514DDA085458}.Debug|x64.ActiveCfg = Debug|x64
		{11F11F82-CE8E-488E-82F6-514DDA085458}.Debug|x64.Build.0 = Debug|x64
		{11F11F82-CE8E-488E-82F6-514DDA085458}.Release|x64.ActiveCfg = Release|x64
		{11F11F82-CE8E-488E-82F6-514DDA085458}.Release|x64.Build.0 = Release|x64
		{51DDF3CE-03C2-4A82-965A-C4F1A16EB806}.Debug|x64.ActiveCfg = Debug|x64
		{51DDF3CE-03C2-4A82-965A-C4F1A16EB806}.Debug|x64.Build.0 = Debug|x64
		{51DDF3CE-03C2-4A82-965A-C4F1A16EB806}.Release|x64.ActiveCfg = Release|x64
		{51DDF3CE-03C2-4A82-965A-C4F1A16EB806}.Release|x64.Build.0 = Release|x64
		{F000BF96-FAED-4C41-9CAE-C3E3BC5629B7}.Debug|x64.ActiveCfg = Debug|x64
		{F000BF96-FAED-4C41-9CAE-C3E3BC5629B7}.Debug|x64.Build.0 = Debug|x64
		{F000BF96-FAED-4C41-9CAE-C3E3BC5629B7}.Release|x64.ActiveCfg = Release|x64
		{F000BF96-FAED-4C41-9CAE-C3E3BC5629B7}.Release|x64.Build.0 = Release|x64
		{3FE8497E-CE75-4EEA-B1E0-B426CF75A8FB}.Debug|x64.ActiveCfg = Debug|x64
		{3FE8497E-CE75-4EEA-B1E0-B426CF75A8FB}.Debug|x64.Build.0 = Debug|x64
		{3FE8497E-CE75-4EEA-B1E0-B426CF75A8FB}.Release|x64.ActiveCfg = Release|x64
		{3FE8497E-CE75-4EEA-B1E0-B426CF75A8FB}.Release|x64.Build.0 = Release|x64
		{F8F4114E-E77C-4822-8D61-4567EC42C897}.Debug|x64.ActiveCfg = Debug|x64
		{F8F4114E-E77C-4822-8D61-4567EC42C897}.Debug|x64.Build.0 = Debug|x64
		{F8F4114E-E77C-4822-8D61-4567EC42C897}.Release|x64.ActiveCfg = Release|x64
		{F8F4114E-E77C-4822-8D61-4567EC42C897}.Release|x64.Build.0 = Release|x64
		{3064BEB8-9F7F-4EC9-B871-69B46986F720}.Debug|x64.ActiveCfg = Debug|x64
		{3064BEB8-9F7F-4EC9-B871-69B46986F720}.Debug|x64.Build.0 = Debug|x64
		{3064BEB8-9F7F-4EC9-B871-69B46986F720}.Release|x64.ActiveCfg = Release|x64
		{3064BEB8-9F7F-4EC9-B871-69B46986F720}.Release|x64.Build.0 = Release|x64
		{FB200396-7549-4C4E-85FA-77B4D8BE4343}.Debug|x64.ActiveCfg = Debug|x64
		{FB200396-7549-4C4E-85FA-77B4D8BE4343}.Debug|x64.Build.0 = Debug|x64
		{FB200396-7549-4C4E-85FA-77B4D8BE4343}.Release|x64.ActiveCfg = Release|x64
		{FB200396-7549-4C4E-85FA-77B4D8BE4343}.Release|x64.Build.0 = Release|x64
		{75EB3722-3119-409A-A083-5CDDF61A562D}.Debug|x64.ActiveCfg = Debug|x64
		{75EB3722-3119-409A-A083-5CDDF61A562D}.Debug|x64.Build.0 = Debug|x64
		{75EB3722-3119-409A-A083-5CDDF61A562D}.Release|x64.ActiveCfg = Release|x64
		{75EB3722-3119-409A-A083-5CDDF61A562D}.Release|x64.Build.0 = Release|x64
		{DBABC258-757B-439A-BB04-AD41AE3CC585}.Debug|x64.ActiveCfg = Debug|x64
		{DBABC258-757B-439A-BB04-AD41AE3CC585}.Debug|x64.Build.0 = Debug|x64
		{DBABC258-757B-439A-BB04-AD41AE3CC585}.Release|x64.ActiveCfg = Release|x64
		{DBABC258-757B-439A-BB04-AD41AE3CC585}.Release|x64.Build.0 = Release|x64
		{98370A1A-2305-3AE1-8D6B-0841290DE59E}.Debug|x64.ActiveCfg = Debug|x64
		{98370A1A-2305-3AE1-8D6B-0841290DE59E}.Debug|x64.Build.0 = Debug|x64
		{98370A1A-2305-3AE1-8D6B-0841290DE59E}.Release|x64.ActiveCfg = Release|x64
		{98370A1A-2305-3AE1-8D6B-0841290DE59E}.Release|x64.Build.0 = Release|x64
		{70ABE75C-FBC2-4C82-9103-B952FA5CD168}.Debug|x64.ActiveCfg = Debug|x64
		{70ABE75C-FBC2-4C82-9103-B952FA5CD168}.Debug|x64.Build.0 = Debug|x64
		{70ABE75C-FBC2-4C82-9103-B952FA5CD168}.Release|x64.ActiveCfg = Release|x64
		{70ABE75C-FBC2-4C82-9103-B952FA5CD168}.Release|x64.Build.0 = Release|x64
		{24265BD3-3CF3-41A9-B137-53DBEC0F53BF}.Debug|x64.ActiveCfg = Debug|x64
		{24265BD3-3CF3-41A9-B137-53DBEC0F53BF}.Debug|x64.Build.0 = Debug|x64
		{24265BD3-3CF3-41A9-B137-53DBEC0F53BF}.Release|x64.ActiveCfg = Release|x64
		{24265BD3-3CF3-41A9-B137-53DBEC0F53BF}.Release|x64.Build.0 = Release|x64
	EndGlobalSection
	GlobalSection(SolutionProperties) = preSolution
		HideSolutionNode = FALSE
	EndGlobalSection
	GlobalSection(NestedProjects) = preSolution
		{CA77B8F8-E4CD-499D-B7E6-5463AC4A9A5F} = {C636F93C-23B2-4FDA-9A64-FA2B55CB5FA9}
		{3CFD8D3C-5D69-47BF-9E96-BCD6AC473C8C} = {CCB39FE4-F715-4379-8ABD-8A19CB32AC1C}
		{5B937342-F7A1-4EC4-A0F1-5B671E09EB55} = {CCB39FE4-F715-4379-8ABD-8A19CB32AC1C}
		{669B4F77-D6E0-4527-9BF0-0C9B6D0AE9D7} = {5B937342-F7A1-4EC4-A0F1-5B671E09EB55}
		{CBA57C31-6A64-4B51-B22E-5B820B021322} = {C636F93C-23B2-4FDA-9A64-FA2B55CB5FA9}
		{72447DAF-96E3-45EF-AF89-59359D5884DA} = {5B937342-F7A1-4EC4-A0F1-5B671E09EB55}
		{4C465000-E937-4935-AC47-7A5D1F7A25EB} = {5B937342-F7A1-4EC4-A0F1-5B671E09EB55}
		{6D88FA0A-C84D-470C-BD58-4D52A7D9DF44} = {5B937342-F7A1-4EC4-A0F1-5B671E09EB55}
		{5C2EE831-72C1-4C43-B0CB-8171F5369DF5} = {5B937342-F7A1-4EC4-A0F1-5B671E09EB55}
		{E272CF33-93F2-45F9-B2C5-BACED367828E} = {5B937342-F7A1-4EC4-A0F1-5B671E09EB55}
		{5DA8E781-015B-47D6-929C-0A0EDDA83F58} = {5B937342-F7A1-4EC4-A0F1-5B671E09EB55}
		{F62B8444-7DCD-4A9A-88E1-4C3D89CCED13} = {5B937342-F7A1-4EC4-A0F1-5B671E09EB55}
		{06BEF9EF-4CFE-469E-AB37-8422AFB5CC8D} = {5B937342-F7A1-4EC4-A0F1-5B671E09EB55}
		{832A4890-7208-487E-99FE-3956DD3F2691} = {CCB39FE4-F715-4379-8ABD-8A19CB32AC1C}
		{CC203DA6-0920-4903-9CB5-95964DBE8EC9} = {832A4890-7208-487E-99FE-3956DD3F2691}
		{3F381D0D-CF9B-42B7-9461-4663F15820C4} = {832A4890-7208-487E-99FE-3956DD3F2691}
		{0FD04B02-CD31-491C-B801-44224E860F68} = {832A4890-7208-487E-99FE-3956DD3F2691}
		{D58462A2-4C40-4488-920E-9ACC9D69734B} = {832A4890-7208-487E-99FE-3956DD3F2691}
		{4242FEBE-25F3-4B5C-BD4A-0B60A94FFF71} = {832A4890-7208-487E-99FE-3956DD3F2691}
		{EC462EE1-B7A7-4694-BF8F-667C716F1112} = {832A4890-7208-487E-99FE-3956DD3F2691}
		{11F11F82-CE8E-488E-82F6-514DDA085458} = {832A4890-7208-487E-99FE-3956DD3F2691}
		{51DDF3CE-03C2-4A82-965A-C4F1A16EB806} = {832A4890-7208-487E-99FE-3956DD3F2691}
		{F000BF96-FAED-4C41-9CAE-C3E3BC5629B7} = {832A4890-7208-487E-99FE-3956DD3F2691}
		{3FE8497E-CE75-4EEA-B1E0-B426CF75A8FB} = {832A4890-7208-487E-99FE-3956DD3F2691}
		{F8F4114E-E77C-4822-8D61-4567EC42C897} = {832A4890-7208-487E-99FE-3956DD3F2691}
		{3064BEB8-9F7F-4EC9-B871-69B46986F720} = {832A4890-7208-487E-99FE-3956DD3F2691}
		{FB200396-7549-4C4E-85FA-77B4D8BE4343} = {832A4890-7208-487E-99FE-3956DD3F2691}
		{75EB3722-3119-409A-A083-5CDDF61A562D} = {832A4890-7208-487E-99FE-3956DD3F2691}
		{DBABC258-757B-439A-BB04-AD41AE3CC585} = {832A4890-7208-487E-99FE-3956DD3F2691}
		{98370A1A-2305-3AE1-8D6B-0841290DE59E} = {C636F93C-23B2-4FDA-9A64-FA2B55CB5FA9}
		{70ABE75C-FBC2-4C82-9103-B952FA5CD168} = {C636F93C-23B2-4FDA-9A64-FA2B55CB5FA9}
		{24265BD3-3CF3-41A9-B137-53DBEC0F53BF} = {C636F93C-23B2-4FDA-9A64-FA2B55CB5FA9}
	EndGlobalSection
	GlobalSection(ExtensibilityGlobals) = postSolution
		SolutionGuid = {0A8CEE52-492A-4393-9DD8-1A14948800DE}
	EndGlobalSection
EndGlobal
